
Microsoft Visual Studio Solution File, Format Version 12.00
# Visual Studio Version 17
VisualStudioVersion = 17.0.32014.148
MinimumVisualStudioVersion = 10.0.40219.1
Project("{FAE04EC0-301F-11D3-BF4B-00C04F79EFBC}") = "basIp", "basIp\basIp.csproj", "{03460D3C-402E-40FB-86AA-D64F51B298D8}"
EndProject
Global
	GlobalSection(SolutionConfigurationPlatforms) = preSolution
		Debug|Any CPU = Debug|Any CPU
		Release|Any CPU = Release|Any CPU
	EndGlobalSection
	GlobalSection(ProjectConfigurationPlatforms) = postSolution
		{03460D3C-402E-40FB-86AA-D64F51B298D8}.Debug|Any CPU.ActiveCfg = Debug|Any CPU
		{03460D3C-402E-40FB-86AA-D64F51B298D8}.Debug|Any CPU.Build.0 = Debug|Any CPU
		{03460D3C-402E-40FB-86AA-D64F51B298D8}.Release|Any CPU.ActiveCfg = Release|Any CPU
		{03460D3C-402E-40FB-86AA-D64F51B298D8}.Release|Any CPU.Build.0 = Release|Any CPU
	EndGlobalSection
	GlobalSection(SolutionProperties) = preSolution
		HideSolutionNode = FALSE
	EndGlobalSection
	GlobalSection(ExtensibilityGlobals) = postSolution
		SolutionGuid = {CF4AAFEE-7266-4054-AAEC-04980B014C40}
	EndGlobalSection
EndGlobal
